PODS:
  - HandyUIKit (1.9.0)
  - RxCocoa (5.0.0):
    - RxRelay (~> 5)
    - RxSwift (~> 5)
  - RxRelay (5.0.0):
    - RxSwift (~> 5)
  - RxSwift (5.0.0)

DEPENDENCIES:
  - HandyUIKit
  - RxCocoa
  - RxSwift

SPEC REPOS:
  https://github.com/cocoapods/specs.git:
    - HandyUIKit
    - RxCocoa
    - RxRelay
    - RxSwift

SPEC CHECKSUMS:
  HandyUIKit: 10c4f5997d49e41f702d5c0f11dc390b23a82d5f
  RxCocoa: fcf32050ac00d801f34a7f71d5e8e7f23026dcd8
  RxRelay: 4f7409406a51a55cd88483f21ed898c234d60f18
  RxSwift: 8b0671caa829a763bbce7271095859121cbd895f

PODFILE CHECKSUM: b2f476da84a1e278059105e71d7360ccf71052b3

COCOAPODS: 1.7.1
